{
  "object": {
    "pins": [
      {
        "package": "GRDB",
        "repositoryURL": "git@github.com:groue/GRDB.swift.git",
        "state": {
          "branch": null,
          "revision": "7be7e1caded0f787e513d8f4311b20bcee97f262",
          "version": "5.3.0"
        }
      }
    ]
  },
  "version": 1
}
