{
  "object": {
    "pins": [
      {
        "package": "GRDB",
        "repositoryURL": "https://github.com/groue/GRDB.swift.git",
        "state": {
          "branch": null,
          "revision": "31e2b01c10243399882eaf8cc6b5c974af93d21e",
          "version": "5.7.4"
        }
      }
    ]
  },
  "version": 1
}
